
Microsoft Visual Studio Solution File, Format Version 12.00
# Visual Studio Version 17
VisualStudioVersion = 17.7.34202.233
MinimumVisualStudioVersion = 10.0.40219.1
Project("{9A19103F-16F7-4668-BE54-9A1E7A4F7556}") = "projectDemo", "projectDemo\projectDemo.csproj", "{2B80A2F7-2FDC-42A2-99B2-B3A5F5904A23}"
EndProject
Global
	GlobalSection(SolutionConfigurationPlatforms) = preSolution
		Debug|Any CPU = Debug|Any CPU
		Release|Any CPU = Release|Any CPU
	EndGlobalSection
	GlobalSection(ProjectConfigurationPlatforms) = postSolution
		{2B80A2F7-2FDC-42A2-99B2-B3A5F5904A23}.Debug|Any CPU.ActiveCfg = Debug|Any CPU
		{2B80A2F7-2FDC-42A2-99B2-B3A5F5904A23}.Debug|Any CPU.Build.0 = Debug|Any CPU
		{2B80A2F7-2FDC-42A2-99B2-B3A5F5904A23}.Release|Any CPU.ActiveCfg = Release|Any CPU
		{2B80A2F7-2FDC-42A2-99B2-B3A5F5904A23}.Release|Any CPU.Build.0 = Release|Any CPU
	EndGlobalSection
	GlobalSection(SolutionProperties) = preSolution
		HideSolutionNode = FALSE
	EndGlobalSection
	GlobalSection(ExtensibilityGlobals) = postSolution
		SolutionGuid = {010C3AE4-B079-44C5-8F25-37DAFFD7533C}
	EndGlobalSection
EndGlobal
